
Microsoft Visual Studio Solution File, Format Version 12.00
# Visual Studio Version 16
VisualStudioVersion = 16.0.31702.278
MinimumVisualStudioVersion = 10.0.40219.1
Project("{FAE04EC0-301F-11D3-BF4B-00C04F79EFBC}") = "Manejo-Excepciones T3", "Manejo-Excepciones T3\Manejo-Excepciones T3.csproj", "{BC0B85D4-CD65-4C6C-85DD-5330831D0B9A}"
EndProject
Global
	GlobalSection(SolutionConfigurationPlatforms) = preSolution
		Debug|Any CPU = Debug|Any CPU
		Release|Any CPU = Release|Any CPU
	EndGlobalSection
	GlobalSection(ProjectConfigurationPlatforms) = postSolution
		{BC0B85D4-CD65-4C6C-85DD-5330831D0B9A}.Debug|Any CPU.ActiveCfg = Debug|Any CPU
		{BC0B85D4-CD65-4C6C-85DD-5330831D0B9A}.Debug|Any CPU.Build.0 = Debug|Any CPU
		{BC0B85D4-CD65-4C6C-85DD-5330831D0B9A}.Release|Any CPU.ActiveCfg = Release|Any CPU
		{BC0B85D4-CD65-4C6C-85DD-5330831D0B9A}.Release|Any CPU.Build.0 = Release|Any CPU
	EndGlobalSection
	GlobalSection(SolutionProperties) = preSolution
		HideSolutionNode = FALSE
	EndGlobalSection
	GlobalSection(ExtensibilityGlobals) = postSolution
		SolutionGuid = {A2111955-D7BF-4A38-8940-3F73AE60CE93}
	EndGlobalSection
EndGlobal
